
Microsoft Visual Studio Solution File, Format Version 12.00
# Visual Studio Version 17
VisualStudioVersion = 17.0.31903.59
MinimumVisualStudioVersion = 10.0.40219.1
Project("{FAE04EC0-301F-11D3-BF4B-00C04F79EFBC}") = "arbolus", "arbolus\arbolus.csproj", "{8CFA54B0-4B93-4229-8C1F-E62A0E3F118C}"
EndProject
Project("{FAE04EC0-301F-11D3-BF4B-00C04F79EFBC}") = "bal.airbolus", "bal.airbolus\bal.airbolus.csproj", "{CAFFF062-72DD-42B9-8B9A-0FE38196B275}"
EndProject
Project("{FAE04EC0-301F-11D3-BF4B-00C04F79EFBC}") = "dal.airbolus", "dal.airbolus\dal.airbolus.csproj", "{EE935B60-20ED-4BA7-8761-BFD5C51CE0CF}"
EndProject
Project("{FAE04EC0-301F-11D3-BF4B-00C04F79EFBC}") = "bal.airbolus.test", "bal.airbolus.test\bal.airbolus.test.csproj", "{E602A0AF-2E6D-47E8-A6F0-0F6E0BF4EA48}"
EndProject
Global
	GlobalSection(SolutionConfigurationPlatforms) = preSolution
		Debug|Any CPU = Debug|Any CPU
		Release|Any CPU = Release|Any CPU
	EndGlobalSection
	GlobalSection(SolutionProperties) = preSolution
		HideSolutionNode = FALSE
	EndGlobalSection
	GlobalSection(ProjectConfigurationPlatforms) = postSolution
		{8CFA54B0-4B93-4229-8C1F-E62A0E3F118C}.Debug|Any CPU.ActiveCfg = Debug|Any CPU
		{8CFA54B0-4B93-4229-8C1F-E62A0E3F118C}.Debug|Any CPU.Build.0 = Debug|Any CPU
		{8CFA54B0-4B93-4229-8C1F-E62A0E3F118C}.Release|Any CPU.ActiveCfg = Release|Any CPU
		{8CFA54B0-4B93-4229-8C1F-E62A0E3F118C}.Release|Any CPU.Build.0 = Release|Any CPU
		{CAFFF062-72DD-42B9-8B9A-0FE38196B275}.Debug|Any CPU.ActiveCfg = Debug|Any CPU
		{CAFFF062-72DD-42B9-8B9A-0FE38196B275}.Debug|Any CPU.Build.0 = Debug|Any CPU
		{CAFFF062-72DD-42B9-8B9A-0FE38196B275}.Release|Any CPU.ActiveCfg = Release|Any CPU
		{CAFFF062-72DD-42B9-8B9A-0FE38196B275}.Release|Any CPU.Build.0 = Release|Any CPU
		{EE935B60-20ED-4BA7-8761-BFD5C51CE0CF}.Debug|Any CPU.ActiveCfg = Debug|Any CPU
		{EE935B60-20ED-4BA7-8761-BFD5C51CE0CF}.Debug|Any CPU.Build.0 = Debug|Any CPU
		{EE935B60-20ED-4BA7-8761-BFD5C51CE0CF}.Release|Any CPU.ActiveCfg = Release|Any CPU
		{EE935B60-20ED-4BA7-8761-BFD5C51CE0CF}.Release|Any CPU.Build.0 = Release|Any CPU
		{E602A0AF-2E6D-47E8-A6F0-0F6E0BF4EA48}.Debug|Any CPU.ActiveCfg = Debug|Any CPU
		{E602A0AF-2E6D-47E8-A6F0-0F6E0BF4EA48}.Debug|Any CPU.Build.0 = Debug|Any CPU
		{E602A0AF-2E6D-47E8-A6F0-0F6E0BF4EA48}.Release|Any CPU.ActiveCfg = Release|Any CPU
		{E602A0AF-2E6D-47E8-A6F0-0F6E0BF4EA48}.Release|Any CPU.Build.0 = Release|Any CPU
	EndGlobalSection
EndGlobal
